
Microsoft Visual Studio Solution File, Format Version 12.00
# Visual Studio Version 16
VisualStudioVersion = 16.0.30204.135
MinimumVisualStudioVersion = 10.0.40219.1
Project("{2150E333-8FDC-42A3-9474-1A3956D46DE8}") = "Solution Items", "Solution Items", "{DDECC410-908A-442A-9821-016DC7A0FBFC}"
EndProject
Project("{930C7802-8A8C-48F9-8165-68863BCCD9DD}") = "OWIN.1.0", "OWIN.1.0\OWIN.1.0.wixproj", "{B0A4B6FD-270C-4E68-A62F-917297DE1431}"
EndProject
Project("{2150E333-8FDC-42A3-9474-1A3956D46DE8}") = "GAC", "GAC", "{D939CD09-B312-4F70-9F33-2CEFF2331648}"
EndProject
Project("{2150E333-8FDC-42A3-9474-1A3956D46DE8}") = "Local", "Local", "{012C4EBD-4CFC-44C4-AC55-294C94488270}"
EndProject
Project("{930C7802-8A8C-48F9-8165-68863BCCD9DD}") = "Microsoft.Data.5.8.5.GAC", "Microsoft.Data.5.8.5.GAC\Microsoft.Data.5.8.5.GAC.wixproj", "{4A111477-9F8F-416D-8056-2B68B7682135}"
EndProject
Project("{930C7802-8A8C-48F9-8165-68863BCCD9DD}") = "Microsoft.Data.5.8.5", "Microsoft.Data.5.8.5\Microsoft.Data.5.8.5.wixproj", "{B44464DA-AAC6-4725-8E30-23AD62C856AD}"
EndProject
Project("{2150E333-8FDC-42A3-9474-1A3956D46DE8}") = "Microsoft.Data", "Microsoft.Data", "{5A88283E-3DC1-4057-8B5B-C0AB4C3AD15C}"
EndProject
Project("{2150E333-8FDC-42A3-9474-1A3956D46DE8}") = "Microsoft.OWIN", "Microsoft.OWIN", "{AF3881FE-AC40-42DA-9410-D05F3A78A347}"
EndProject
Project("{2150E333-8FDC-42A3-9474-1A3956D46DE8}") = "Newtonsoft.Json", "Newtonsoft.Json", "{8BC32612-E68D-4D6E-8EB2-C5AC9BEE683F}"
EndProject
Project("{930C7802-8A8C-48F9-8165-68863BCCD9DD}") = "Microsoft.OWIN.4.2.0", "Microsoft.OWIN.4.2.0\Microsoft.OWIN.4.2.0.wixproj", "{31305D12-04E2-4EF1-B0E8-B58914333191}"
EndProject
Project("{2150E333-8FDC-42A3-9474-1A3956D46DE8}") = "Nancy", "Nancy", "{20BD394F-9029-43BE-B8FE-9F6E62FE10C4}"
EndProject
Project("{930C7802-8A8C-48F9-8165-68863BCCD9DD}") = "Nancy.2.0.0", "Nancy.2.0.0\Nancy.2.0.0.wixproj", "{51D2F550-7E69-4FBB-890C-B34FDD83E116}"
EndProject
Project("{2150E333-8FDC-42A3-9474-1A3956D46DE8}") = "Microsoft.ASPNet.WebAPI", "Microsoft.ASPNet.WebAPI", "{E1A4DB35-EE70-479B-8A87-03CC48B84ECC}"
EndProject
Project("{930C7802-8A8C-48F9-8165-68863BCCD9DD}") = "Microsoft.ASPNet.WebAPI.5.2.7", "Microsoft.ASPNet.WebAPI.5.2.7\Microsoft.ASPNet.WebAPI.5.2.7.wixproj", "{6A1A8BDC-AD27-4512-B868-37A5D8E667DF}"
EndProject
Project("{2150E333-8FDC-42A3-9474-1A3956D46DE8}") = "Microsoft.AspNet.Identity", "Microsoft.AspNet.Identity", "{0F36ECB6-783A-4E6E-8C3A-818B19961709}"
EndProject
Project("{930C7802-8A8C-48F9-8165-68863BCCD9DD}") = "Microsoft.AspNet.Identity.2.2.3", "Microsoft.AspNet.Identity.2.2.3\Microsoft.AspNet.Identity.2.2.3.wixproj", "{777CA0FC-3425-4422-A1E7-5B4A22E3932B}"
EndProject
Project("{2150E333-8FDC-42A3-9474-1A3956D46DE8}") = "Microsoft.AspNet.SignalR", "Microsoft.AspNet.SignalR", "{9B326E0E-5A17-4C41-BE4B-685152A820D0}"
EndProject
Project("{930C7802-8A8C-48F9-8165-68863BCCD9DD}") = "Microsoft.AspNet.SignalR.2.4.2", "Microsoft.AspNet.SignalR.2.4.2\Microsoft.AspNet.SignalR.2.4.2.wixproj", "{A66AB181-87FE-49E9-A83C-236842568B2C}"
EndProject
Project("{2150E333-8FDC-42A3-9474-1A3956D46DE8}") = "Microsoft.OData", "Microsoft.OData", "{73509E23-BFEC-495F-B46A-6041136A43B2}"
EndProject
Project("{2150E333-8FDC-42A3-9474-1A3956D46DE8}") = "Microsoft.AspNet.OData", "Microsoft.AspNet.OData", "{598C10EB-E852-40F4-8FC5-6703F5FADD53}"
EndProject
Project("{2150E333-8FDC-42A3-9474-1A3956D46DE8}") = "Microsoft.Spatial", "Microsoft.Spatial", "{46452F90-5FAA-4EFB-83E1-9CC78FFAE9D9}"
EndProject
Project("{930C7802-8A8C-48F9-8165-68863BCCD9DD}") = "Microsoft.AspNet.OData.7.5.12", "Microsoft.AspNet.OData.7.5.12\Microsoft.AspNet.OData.7.5.12.wixproj", "{E10D50E0-AF72-44B4-87EB-2528AE3B61AC}"
EndProject
Project("{930C7802-8A8C-48F9-8165-68863BCCD9DD}") = "Microsoft.OData.Edm.7.9.4", "Microsoft.OData.Edm.7.9.4\Microsoft.OData.Edm.7.9.4.wixproj", "{46D5ACFD-1D8F-47EC-9178-5DAE94D2E074}"
EndProject
Project("{930C7802-8A8C-48F9-8165-68863BCCD9DD}") = "Microsoft.OData.Core.7.9.4", "Microsoft.OData.Core.7.9.4\Microsoft.OData.Core.7.9.4.wixproj", "{5DB61EF5-7041-4909-AC06-B236B965F611}"
EndProject
Project("{930C7802-8A8C-48F9-8165-68863BCCD9DD}") = "Microsoft.AspNet.WebApi.OData.5.7.0", "Microsoft.AspNet.WebApi.OData.5.7.0\Microsoft.AspNet.WebApi.OData.5.7.0.wixproj", "{B6EEE8AC-791A-4675-92F5-30C886F67992}"
EndProject
Project("{930C7802-8A8C-48F9-8165-68863BCCD9DD}") = "Microsoft.Spatial.7.9.4", "Microsoft.Spatial.7.9.4\Microsoft.Spatial.7.9.4.wixproj", "{2AC48BEB-AE73-4F8F-B4BD-49E8776C152B}"
EndProject
Project("{930C7802-8A8C-48F9-8165-68863BCCD9DD}") = "Newtonsoft.Json.13.0.1", "Newtonsoft.Json.13.0.1\Newtonsoft.Json.13.0.1.wixproj", "{AB254352-28AF-41AC-A02E-FA764693C0C8}"
EndProject
Project("{930C7802-8A8C-48F9-8165-68863BCCD9DD}") = "Microsoft.OData.Client.7.9.4", "Microsoft.OData.Client.7.9.4\Microsoft.OData.Client.7.9.4.wixproj", "{F3383492-432A-40F1-B633-251289EDD6D4}"
EndProject
Project("{9A19103F-16F7-4668-BE54-9A1E7A4F7556}") = "NugetDependency", "NugetDependency\NugetDependency.csproj", "{A2FE198F-75C0-4A1E-B3F9-C175E781590E}"
EndProject
Project("{930C7802-8A8C-48F9-8165-68863BCCD9DD}") = "MSExtensions.6.0.0", "MSExtensions.6.0.0\MSExtensions.6.0.0.wixproj", "{26C4A0DE-89AC-4BDC-B82F-DA0FEA90E846}"
EndProject
Project("{930C7802-8A8C-48F9-8165-68863BCCD9DD}") = "TimeZoneConverter.3.5.0", "TimeZoneConverter.3.5.0\TimeZoneConverter.3.5.0.wixproj", "{2A8EAFDE-977E-4630-884B-584B3C3BC189}"
EndProject
Global
	GlobalSection(SolutionConfigurationPlatforms) = preSolution
		Release|Win32 = Release|Win32
		Release|x64 = Release|x64
	EndGlobalSection
	GlobalSection(ProjectConfigurationPlatforms) = postSolution
		{B0A4B6FD-270C-4E68-A62F-917297DE1431}.Release|Win32.ActiveCfg = Release|x86
		{B0A4B6FD-270C-4E68-A62F-917297DE1431}.Release|Win32.Build.0 = Release|x86
		{B0A4B6FD-270C-4E68-A62F-917297DE1431}.Release|x64.ActiveCfg = Release|x64
		{B0A4B6FD-270C-4E68-A62F-917297DE1431}.Release|x64.Build.0 = Release|x64
		{4A111477-9F8F-416D-8056-2B68B7682135}.Release|Win32.ActiveCfg = Release|x86
		{4A111477-9F8F-416D-8056-2B68B7682135}.Release|Win32.Build.0 = Release|x86
		{4A111477-9F8F-416D-8056-2B68B7682135}.Release|x64.ActiveCfg = Release|x64
		{4A111477-9F8F-416D-8056-2B68B7682135}.Release|x64.Build.0 = Release|x64
		{B44464DA-AAC6-4725-8E30-23AD62C856AD}.Release|Win32.ActiveCfg = Release|x86
		{B44464DA-AAC6-4725-8E30-23AD62C856AD}.Release|Win32.Build.0 = Release|x86
		{B44464DA-AAC6-4725-8E30-23AD62C856AD}.Release|x64.ActiveCfg = Release|x64
		{B44464DA-AAC6-4725-8E30-23AD62C856AD}.Release|x64.Build.0 = Release|x64
		{31305D12-04E2-4EF1-B0E8-B58914333191}.Release|Win32.ActiveCfg = Release|x86
		{31305D12-04E2-4EF1-B0E8-B58914333191}.Release|Win32.Build.0 = Release|x86
		{31305D12-04E2-4EF1-B0E8-B58914333191}.Release|x64.ActiveCfg = Release|x64
		{31305D12-04E2-4EF1-B0E8-B58914333191}.Release|x64.Build.0 = Release|x64
		{51D2F550-7E69-4FBB-890C-B34FDD83E116}.Release|Win32.ActiveCfg = Release|x86
		{51D2F550-7E69-4FBB-890C-B34FDD83E116}.Release|Win32.Build.0 = Release|x86
		{51D2F550-7E69-4FBB-890C-B34FDD83E116}.Release|x64.ActiveCfg = Release|x64
		{51D2F550-7E69-4FBB-890C-B34FDD83E116}.Release|x64.Build.0 = Release|x64
		{6A1A8BDC-AD27-4512-B868-37A5D8E667DF}.Release|Win32.ActiveCfg = Release|x86
		{6A1A8BDC-AD27-4512-B868-37A5D8E667DF}.Release|Win32.Build.0 = Release|x86
		{6A1A8BDC-AD27-4512-B868-37A5D8E667DF}.Release|x64.ActiveCfg = Release|x64
		{6A1A8BDC-AD27-4512-B868-37A5D8E667DF}.Release|x64.Build.0 = Release|x64
		{777CA0FC-3425-4422-A1E7-5B4A22E3932B}.Release|Win32.ActiveCfg = Release|x86
		{777CA0FC-3425-4422-A1E7-5B4A22E3932B}.Release|Win32.Build.0 = Release|x86
		{777CA0FC-3425-4422-A1E7-5B4A22E3932B}.Release|x64.ActiveCfg = Release|x64
		{777CA0FC-3425-4422-A1E7-5B4A22E3932B}.Release|x64.Build.0 = Release|x64
		{A66AB181-87FE-49E9-A83C-236842568B2C}.Release|Win32.ActiveCfg = Release|x86
		{A66AB181-87FE-49E9-A83C-236842568B2C}.Release|Win32.Build.0 = Release|x86
		{A66AB181-87FE-49E9-A83C-236842568B2C}.Release|x64.ActiveCfg = Release|x64
		{A66AB181-87FE-49E9-A83C-236842568B2C}.Release|x64.Build.0 = Release|x64
		{E10D50E0-AF72-44B4-87EB-2528AE3B61AC}.Release|Win32.ActiveCfg = Release|x86
		{E10D50E0-AF72-44B4-87EB-2528AE3B61AC}.Release|Win32.Build.0 = Release|x86
		{E10D50E0-AF72-44B4-87EB-2528AE3B61AC}.Release|x64.ActiveCfg = Release|x64
		{E10D50E0-AF72-44B4-87EB-2528AE3B61AC}.Release|x64.Build.0 = Release|x64
		{46D5ACFD-1D8F-47EC-9178-5DAE94D2E074}.Release|Win32.ActiveCfg = Release|x86
		{46D5ACFD-1D8F-47EC-9178-5DAE94D2E074}.Release|Win32.Build.0 = Release|x86
		{46D5ACFD-1D8F-47EC-9178-5DAE94D2E074}.Release|x64.ActiveCfg = Release|x64
		{46D5ACFD-1D8F-47EC-9178-5DAE94D2E074}.Release|x64.Build.0 = Release|x64
		{5DB61EF5-7041-4909-AC06-B236B965F611}.Release|Win32.ActiveCfg = Release|x86
		{5DB61EF5-7041-4909-AC06-B236B965F611}.Release|Win32.Build.0 = Release|x86
		{5DB61EF5-7041-4909-AC06-B236B965F611}.Release|x64.ActiveCfg = Release|x64
		{5DB61EF5-7041-4909-AC06-B236B965F611}.Release|x64.Build.0 = Release|x64
		{B6EEE8AC-791A-4675-92F5-30C886F67992}.Release|Win32.ActiveCfg = Release|x86
		{B6EEE8AC-791A-4675-92F5-30C886F67992}.Release|Win32.Build.0 = Release|x86
		{B6EEE8AC-791A-4675-92F5-30C886F67992}.Release|x64.ActiveCfg = Release|x64
		{B6EEE8AC-791A-4675-92F5-30C886F67992}.Release|x64.Build.0 = Release|x64
		{2AC48BEB-AE73-4F8F-B4BD-49E8776C152B}.Release|Win32.ActiveCfg = Release|x86
		{2AC48BEB-AE73-4F8F-B4BD-49E8776C152B}.Release|Win32.Build.0 = Release|x86
		{2AC48BEB-AE73-4F8F-B4BD-49E8776C152B}.Release|x64.ActiveCfg = Release|x64
		{2AC48BEB-AE73-4F8F-B4BD-49E8776C152B}.Release|x64.Build.0 = Release|x64
		{AB254352-28AF-41AC-A02E-FA764693C0C8}.Release|Win32.ActiveCfg = Release|x86
		{AB254352-28AF-41AC-A02E-FA764693C0C8}.Release|Win32.Build.0 = Release|x86
		{AB254352-28AF-41AC-A02E-FA764693C0C8}.Release|x64.ActiveCfg = Release|x64
		{AB254352-28AF-41AC-A02E-FA764693C0C8}.Release|x64.Build.0 = Release|x64
		{F3383492-432A-40F1-B633-251289EDD6D4}.Release|Win32.ActiveCfg = Release|x86
		{F3383492-432A-40F1-B633-251289EDD6D4}.Release|Win32.Build.0 = Release|x86
		{F3383492-432A-40F1-B633-251289EDD6D4}.Release|x64.ActiveCfg = Release|x64
		{F3383492-432A-40F1-B633-251289EDD6D4}.Release|x64.Build.0 = Release|x64
		{A2FE198F-75C0-4A1E-B3F9-C175E781590E}.Release|Win32.ActiveCfg = Release|Any CPU
		{A2FE198F-75C0-4A1E-B3F9-C175E781590E}.Release|Win32.Build.0 = Release|Any CPU
		{A2FE198F-75C0-4A1E-B3F9-C175E781590E}.Release|x64.ActiveCfg = Release|Any CPU
		{A2FE198F-75C0-4A1E-B3F9-C175E781590E}.Release|x64.Build.0 = Release|Any CPU
		{26C4A0DE-89AC-4BDC-B82F-DA0FEA90E846}.Release|Win32.ActiveCfg = Release|x86
		{26C4A0DE-89AC-4BDC-B82F-DA0FEA90E846}.Release|Win32.Build.0 = Release|x86
		{26C4A0DE-89AC-4BDC-B82F-DA0FEA90E846}.Release|x64.ActiveCfg = Release|x64
		{26C4A0DE-89AC-4BDC-B82F-DA0FEA90E846}.Release|x64.Build.0 = Release|x64
		{2A8EAFDE-977E-4630-884B-584B3C3BC189}.Release|Win32.ActiveCfg = Release|x86
		{2A8EAFDE-977E-4630-884B-584B3C3BC189}.Release|Win32.Build.0 = Release|x86
		{2A8EAFDE-977E-4630-884B-584B3C3BC189}.Release|x64.ActiveCfg = Release|x64
		{2A8EAFDE-977E-4630-884B-584B3C3BC189}.Release|x64.Build.0 = Release|x64
	EndGlobalSection
	GlobalSection(SolutionProperties) = preSolution
		HideSolutionNode = FALSE
	EndGlobalSection
	GlobalSection(NestedProjects) = preSolution
		{B0A4B6FD-270C-4E68-A62F-917297DE1431} = {012C4EBD-4CFC-44C4-AC55-294C94488270}
		{4A111477-9F8F-416D-8056-2B68B7682135} = {D939CD09-B312-4F70-9F33-2CEFF2331648}
		{B44464DA-AAC6-4725-8E30-23AD62C856AD} = {5A88283E-3DC1-4057-8B5B-C0AB4C3AD15C}
		{5A88283E-3DC1-4057-8B5B-C0AB4C3AD15C} = {012C4EBD-4CFC-44C4-AC55-294C94488270}
		{AF3881FE-AC40-42DA-9410-D05F3A78A347} = {012C4EBD-4CFC-44C4-AC55-294C94488270}
		{8BC32612-E68D-4D6E-8EB2-C5AC9BEE683F} = {012C4EBD-4CFC-44C4-AC55-294C94488270}
		{31305D12-04E2-4EF1-B0E8-B58914333191} = {AF3881FE-AC40-42DA-9410-D05F3A78A347}
		{20BD394F-9029-43BE-B8FE-9F6E62FE10C4} = {012C4EBD-4CFC-44C4-AC55-294C94488270}
		{51D2F550-7E69-4FBB-890C-B34FDD83E116} = {20BD394F-9029-43BE-B8FE-9F6E62FE10C4}
		{E1A4DB35-EE70-479B-8A87-03CC48B84ECC} = {012C4EBD-4CFC-44C4-AC55-294C94488270}
		{6A1A8BDC-AD27-4512-B868-37A5D8E667DF} = {E1A4DB35-EE70-479B-8A87-03CC48B84ECC}
		{0F36ECB6-783A-4E6E-8C3A-818B19961709} = {012C4EBD-4CFC-44C4-AC55-294C94488270}
		{777CA0FC-3425-4422-A1E7-5B4A22E3932B} = {0F36ECB6-783A-4E6E-8C3A-818B19961709}
		{9B326E0E-5A17-4C41-BE4B-685152A820D0} = {012C4EBD-4CFC-44C4-AC55-294C94488270}
		{A66AB181-87FE-49E9-A83C-236842568B2C} = {9B326E0E-5A17-4C41-BE4B-685152A820D0}
		{73509E23-BFEC-495F-B46A-6041136A43B2} = {012C4EBD-4CFC-44C4-AC55-294C94488270}
		{598C10EB-E852-40F4-8FC5-6703F5FADD53} = {012C4EBD-4CFC-44C4-AC55-294C94488270}
		{46452F90-5FAA-4EFB-83E1-9CC78FFAE9D9} = {012C4EBD-4CFC-44C4-AC55-294C94488270}
		{E10D50E0-AF72-44B4-87EB-2528AE3B61AC} = {598C10EB-E852-40F4-8FC5-6703F5FADD53}
		{46D5ACFD-1D8F-47EC-9178-5DAE94D2E074} = {73509E23-BFEC-495F-B46A-6041136A43B2}
		{5DB61EF5-7041-4909-AC06-B236B965F611} = {73509E23-BFEC-495F-B46A-6041136A43B2}
		{B6EEE8AC-791A-4675-92F5-30C886F67992} = {E1A4DB35-EE70-479B-8A87-03CC48B84ECC}
		{2AC48BEB-AE73-4F8F-B4BD-49E8776C152B} = {46452F90-5FAA-4EFB-83E1-9CC78FFAE9D9}
		{AB254352-28AF-41AC-A02E-FA764693C0C8} = {8BC32612-E68D-4D6E-8EB2-C5AC9BEE683F}
		{F3383492-432A-40F1-B633-251289EDD6D4} = {73509E23-BFEC-495F-B46A-6041136A43B2}
		{26C4A0DE-89AC-4BDC-B82F-DA0FEA90E846} = {012C4EBD-4CFC-44C4-AC55-294C94488270}
		{2A8EAFDE-977E-4630-884B-584B3C3BC189} = {012C4EBD-4CFC-44C4-AC55-294C94488270}
	EndGlobalSection
	GlobalSection(ExtensibilityGlobals) = postSolution
		SolutionGuid = {CF037700-10A0-4326-9556-5961DBC05056}
	EndGlobalSection
EndGlobal
